// !$*UTF8*$!
{
	archiveVersion = 1;
	classes = {
	};
	objectVersion = 56;
	objects = {

/* Begin PBXBuildFile section */
		8D7871D32A82E9F700CF9642 /* Roman_To_IntTests.swift in Sources */ = {isa = PBXBuildFile; fileRef = 8D7871D22A82E9F700CF9642 /* Roman_To_IntTests.swift */; };
		8DAD94F12A3CC8CD004C95AD /* Roman_To_IntApp.swift in Sources */ = {isa = PBXBuildFile; fileRef = 8DAD94F02A3CC8CD004C95AD /* Roman_To_IntApp.swift */; };
		8DAD94F32A3CC8CD004C95AD /* ContentView.swift in Sources */ = {isa = PBXBuildFile; fileRef = 8DAD94F22A3CC8CD004C95AD /* ContentView.swift */; };
		8DAD94F52A3CC8CE004C95AD /* Assets.xcassets in Resources */ = {isa = PBXBuildFile; fileRef = 8DAD94F42A3CC8CE004C95AD /* Assets.xcassets */; };
		8DAD94F82A3CC8CE004C95AD /* Preview Assets.xcassets in Resources */ = {isa = PBXBuildFile; fileRef = 8DAD94F72A3CC8CE004C95AD /* Preview Assets.xcassets */; };
		8DAD94FF2A3CCD1F004C95AD /* ContentViewViewModel.swift in Sources */ = {isa = PBXBuildFile; fileRef = 8DAD94FE2A3CCD1F004C95AD /* ContentViewViewModel.swift */; };
/* End PBXBuildFile section */

/* Begin PBXContainerItemProxy section */
		8D7871D42A82E9F700CF9642 /* PBXContainerItemProxy */ = {
			isa = PBXContainerItemProxy;
			containerPortal = 8DAD94E52A3CC8CD004C95AD /* Project object */;
			proxyType = 1;
			remoteGlobalIDString = 8DAD94EC2A3CC8CD004C95AD;
			remoteInfo = "Roman To Int";
		};
/* End PBXContainerItemProxy section */

/* Begin PBXFileReference section */
		8D7871D02A82E9F700CF9642 /* Roman To IntTests.xctest */ = {isa = PBXFileReference; explicitFileType = wrapper.cfbundle; includeInIndex = 0; path = "Roman To IntTests.xctest"; sourceTree = BUILT_PRODUCTS_DIR; };
		8D7871D22A82E9F700CF9642 /* Roman_To_IntTests.swift */ = {isa = PBXFileReference; lastKnownFileType = sourcecode.swift; path = Roman_To_IntTests.swift; sourceTree = "<group>"; };
		8DAD94ED2A3CC8CD004C95AD /* Roman To Int.app */ = {isa = PBXFileReference; explicitFileType = wrapper.application; includeInIndex = 0; path = "Roman To Int.app"; sourceTree = BUILT_PRODUCTS_DIR; };
		8DAD94F02A3CC8CD004C95AD /* Roman_To_IntApp.swift */ = {isa = PBXFileReference; lastKnownFileType = sourcecode.swift; path = Roman_To_IntApp.swift; sourceTree = "<group>"; };
		8DAD94F22A3CC8CD004C95AD /* ContentView.swift */ = {isa = PBXFileReference; lastKnownFileType = sourcecode.swift; path = ContentView.swift; sourceTree = "<group>"; };
		8DAD94F42A3CC8CE004C95AD /* Assets.xcassets */ = {isa = PBXFileReference; lastKnownFileType = folder.assetcatalog; path = Assets.xcassets; sourceTree = "<group>"; };
		8DAD94F72A3CC8CE004C95AD /* Preview Assets.xcassets */ = {isa = PBXFileReference; lastKnownFileType = folder.assetcatalog; path = "Preview Assets.xcassets"; sourceTree = "<group>"; };
		8DAD94FE2A3CCD1F004C95AD /* ContentViewViewModel.swift */ = {isa = PBXFileReference; lastKnownFileType = sourcecode.swift; path = ContentViewViewModel.swift; sourceTree = "<group>"; };
/* End PBXFileReference section */

/* Begin PBXFrameworksBuildPhase section */
		8D7871CD2A82E9F700CF9642 /* Frameworks */ = {
			isa = PBXFrameworksBuildPhase;
			buildActionMask = 2147483647;
			files = (
			);
			runOnlyForDeploymentPostprocessing = 0;
		};
		8DAD94EA2A3CC8CD004C95AD /* Frameworks */ = {
			isa = PBXFrameworksBuildPhase;
			buildActionMask = 2147483647;
			files = (
			);
			runOnlyForDeploymentPostprocessing = 0;
		};
/* End PBXFrameworksBuildPhase section */

/* Begin PBXGroup section */
		8D7871D12A82E9F700CF9642 /* Roman To IntTests */ = {
			isa = PBXGroup;
			children = (
				8D7871D22A82E9F700CF9642 /* Roman_To_IntTests.swift */,
			);
			path = "Roman To IntTests";
			sourceTree = "<group>";
		};
		8DAD94E42A3CC8CD004C95AD = {
			isa = PBXGroup;
			children = (
				8DAD94EF2A3CC8CD004C95AD /* Roman To Int */,
				8D7871D12A82E9F700CF9642 /* Roman To IntTests */,
				8DAD94EE2A3CC8CD004C95AD /* Products */,
			);
			sourceTree = "<group>";
		};
		8DAD94EE2A3CC8CD004C95AD /* Products */ = {
			isa = PBXGroup;
			children = (
				8DAD94ED2A3CC8CD004C95AD /* Roman To Int.app */,
				8D7871D02A82E9F700CF9642 /* Roman To IntTests.xctest */,
			);
			name = Products;
			sourceTree = "<group>";
		};
		8DAD94EF2A3CC8CD004C95AD /* Roman To Int */ = {
			isa = PBXGroup;
			children = (
				8DAD94F02A3CC8CD004C95AD /* Roman_To_IntApp.swift */,
				8DAD94F22A3CC8CD004C95AD /* ContentView.swift */,
				8DAD94FE2A3CCD1F004C95AD /* ContentViewViewModel.swift */,
				8DAD94F42A3CC8CE004C95AD /* Assets.xcassets */,
				8DAD94F62A3CC8CE004C95AD /* Preview Content */,
			);
			path = "Roman To Int";
			sourceTree = "<group>";
		};
		8DAD94F62A3CC8CE004C95AD /* Preview Content */ = {
			isa = PBXGroup;
			children = (
				8DAD94F72A3CC8CE004C95AD /* Preview Assets.xcassets */,
			);
			path = "Preview Content";
			sourceTree = "<group>";
		};
/* End PBXGroup section */

/* Begin PBXNativeTarget section */
		8D7871CF2A82E9F700CF9642 /* Roman To IntTests */ = {
			isa = PBXNativeTarget;
			buildConfigurationList = 8D7871D82A82E9F700CF9642 /* Build configuration list for PBXNativeTarget "Roman To IntTests" */;
			buildPhases = (
				8D7871CC2A82E9F700CF9642 /* Sources */,
				8D7871CD2A82E9F700CF9642 /* Frameworks */,
				8D7871CE2A82E9F700CF9642 /* Resources */,
			);
			buildRules = (
			);
			dependencies = (
				8D7871D52A82E9F700CF9642 /* PBXTargetDependency */,
			);
			name = "Roman To IntTests";
			productName = "Roman To IntTests";
			productReference = 8D7871D02A82E9F700CF9642 /* Roman To IntTests.xctest */;
			productType = "com.apple.product-type.bundle.unit-test";
		};
		8DAD94EC2A3CC8CD004C95AD /* Roman To Int */ = {
			isa = PBXNativeTarget;
			buildConfigurationList = 8DAD94FB2A3CC8CE004C95AD /* Build configuration list for PBXNativeTarget "Roman To Int" */;
			buildPhases = (
				8DAD94E92A3CC8CD004C95AD /* Sources */,
				8DAD94EA2A3CC8CD004C95AD /* Frameworks */,
				8DAD94EB2A3CC8CD004C95AD /* Resources */,
			);
			buildRules = (
			);
			dependencies = (
			);
			name = "Roman To Int";
			productName = "Roman To Int";
			productReference = 8DAD94ED2A3CC8CD004C95AD /* Roman To Int.app */;
			productType = "com.apple.product-type.application";
		};
/* End PBXNativeTarget section */

/* Begin PBXProject section */
		8DAD94E52A3CC8CD004C95AD /* Project object */ = {
			isa = PBXProject;
			attributes = {
				BuildIndependentTargetsInParallel = 1;
				LastSwiftUpdateCheck = 1430;
				LastUpgradeCheck = 1430;
				TargetAttributes = {
					8D7871CF2A82E9F700CF9642 = {
						CreatedOnToolsVersion = 14.3.1;
						TestTargetID = 8DAD94EC2A3CC8CD004C95AD;
					};
					8DAD94EC2A3CC8CD004C95AD = {
						CreatedOnToolsVersion = 14.3.1;
					};
				};
			};
			buildConfigurationList = 8DAD94E82A3CC8CD004C95AD /* Build configuration list for PBXProject "Roman To Int" */;
			compatibilityVersion = "Xcode 14.0";
			developmentRegion = en;
			hasScannedForEncodings = 0;
			knownRegions = (
				en,
				Base,
			);
			mainGroup = 8DAD94E42A3CC8CD004C95AD;
			productRefGroup = 8DAD94EE2A3CC8CD004C95AD /* Products */;
			projectDirPath = "";
			projectRoot = "";
			targets = (
				8DAD94EC2A3CC8CD004C95AD /* Roman To Int */,
				8D7871CF2A82E9F700CF9642 /* Roman To IntTests */,
			);
		};
/* End PBXProject section */

/* Begin PBXResourcesBuildPhase section */
		8D7871CE2A82E9F700CF9642 /* Resources */ = {
			isa = PBXResourcesBuildPhase;
			buildActionMask = 2147483647;
			files = (
			);
			runOnlyForDeploymentPostprocessing = 0;
		};
		8DAD94EB2A3CC8CD004C95AD /* Resources */ = {
			isa = PBXResourcesBuildPhase;
			buildActionMask = 2147483647;
			files = (
				8DAD94F82A3CC8CE004C95AD /* Preview Assets.xcassets in Resources */,
				8DAD94F52A3CC8CE004C95AD /* Assets.xcassets in Resources */,
			);
			runOnlyForDeploymentPostprocessing = 0;
		};
/* End PBXResourcesBuildPhase section */

/* Begin PBXSourcesBuildPhase section */
		8D7871CC2A82E9F700CF9642 /* Sources */ = {
			isa = PBXSourcesBuildPhase;
			buildActionMask = 2147483647;
			files = (
				8D7871D32A82E9F700CF9642 /* Roman_To_IntTests.swift in Sources */,
			);
			runOnlyForDeploymentPostprocessing = 0;
		};
		8DAD94E92A3CC8CD004C95AD /* Sources */ = {
			isa = PBXSourcesBuildPhase;
			buildActionMask = 2147483647;
			files = (
				8DAD94F32A3CC8CD004C95AD /* ContentView.swift in Sources */,
				8DAD94F12A3CC8CD004C95AD /* Roman_To_IntApp.swift in Sources */,
				8DAD94FF2A3CCD1F004C95AD /* ContentViewViewModel.swift in Sources */,
			);
			runOnlyForDeploymentPostprocessing = 0;
		};
/* End PBXSourcesBuildPhase section */

/* Begin PBXTargetDependency section */
		8D7871D52A82E9F700CF9642 /* PBXTargetDependency */ = {
			isa = PBXTargetDependency;
			target = 8DAD94EC2A3CC8CD004C95AD /* Roman To Int */;
			targetProxy = 8D7871D42A82E9F700CF9642 /* PBXContainerItemProxy */;
		};
/* End PBXTargetDependency section */

/* Begin XCBuildConfiguration section */
		8D7871D62A82E9F700CF9642 /* Debug */ = {
			isa = XCBuildConfiguration;
			buildSettings = {
				BUNDLE_LOADER = "$(TEST_HOST)";
				CODE_SIGN_STYLE = Automatic;
				CURRENT_PROJECT_VERSION = 1;
				DEVELOPMENT_TEAM = 7F4JNBYPV5;
				GENERATE_INFOPLIST_FILE = YES;
				MARKETING_VERSION = 1.0;
				PRODUCT_BUNDLE_IDENTIFIER = "com.app.Roman-To-IntTests";
				PRODUCT_NAME = "$(TARGET_NAME)";
				SWIFT_EMIT_LOC_STRINGS = NO;
				SWIFT_VERSION = 5.0;
				TARGETED_DEVICE_FAMILY = "1,2";
				TEST_HOST = "$(BUILT_PRODUCTS_DIR)/Roman To Int.app/$(BUNDLE_EXECUTABLE_FOLDER_PATH)/Roman To Int";
			};
			name = Debug;
		};
		8D7871D72A82E9F700CF9642 /* Release */ = {
			isa = XCBuildConfiguration;
			buildSettings = {
				BUNDLE_LOADER = "$(TEST_HOST)";
				CODE_SIGN_STYLE = Automatic;
				CURRENT_PROJECT_VERSION = 1;
				DEVELOPMENT_TEAM = 7F4JNBYPV5;
				GENERATE_INFOPLIST_FILE = YES;
				MARKETING_VERSION = 1.0;
				PRODUCT_BUNDLE_IDENTIFIER = "com.app.Roman-To-IntTests";
				PRODUCT_NAME = "$(TARGET_NAME)";
				SWIFT_EMIT_LOC_STRINGS = NO;
				SWIFT_VERSION = 5.0;
				TARGETED_DEVICE_FAMILY = "1,2";
				TEST_HOST = "$(BUILT_PRODUCTS_DIR)/Roman To Int.app/$(BUNDLE_EXECUTABLE_FOLDER_PATH)/Roman To Int";
			};
			name = Release;
		};
		8DAD94F92A3CC8CE004C95AD /* Debug */ = {
			isa = XCBuildConfiguration;
			buildSettings = {
				ALWAYS_SEARCH_USER_PATHS = NO;
				CLANG_ANALYZER_NONNULL = YES;
				CLANG_ANALYZER_NUMBER_OBJECT_CONVERSION = YES_AGGRESSIVE;
				CLANG_CXX_LANGUAGE_STANDARD = "gnu++20";
				CLANG_ENABLE_MODULES = YES;
				CLANG_ENABLE_OBJC_ARC = YES;
				CLANG_ENABLE_OBJC_WEAK = YES;
				CLANG_WARN_BLOCK_CAPTURE_AUTORELEASING = YES;
				CLANG_WARN_BOOL_CONVERSION = YES;
				CLANG_WARN_COMMA = YES;
				CLANG_WARN_CONSTANT_CONVERSION = YES;
				CLANG_WARN_DEPRECATED_OBJC_IMPLEMENTATIONS = YES;
				CLANG_WARN_DIRECT_OBJC_ISA_USAGE = YES_ERROR;
				CLANG_WARN_DOCUMENTATION_COMMENTS = YES;
				CLANG_WARN_EMPTY_BODY = YES;
				CLANG_WARN_ENUM_CONVERSION = YES;
				CLANG_WARN_INFINITE_RECURSION = YES;
				CLANG_WARN_INT_CONVERSION = YES;
				CLANG_WARN_NON_LITERAL_NULL_CONVERSION = YES;
				CLANG_WARN_OBJC_IMPLICIT_RETAIN_SELF = YES;
				CLANG_WARN_OBJC_LITERAL_CONVERSION = YES;
				CLANG_WARN_OBJC_ROOT_CLASS = YES_ERROR;
				CLANG_WARN_QUOTED_INCLUDE_IN_FRAMEWORK_HEADER = YES;
				CLANG_WARN_RANGE_LOOP_ANALYSIS = YES;
				CLANG_WARN_STRICT_PROTOTYPES = YES;
				CLANG_WARN_SUSPICIOUS_MOVE = YES;
				CLANG_WARN_UNGUARDED_AVAILABILITY = YES_AGGRESSIVE;
				CLANG_WARN_UNREACHABLE_CODE = YES;
				CLANG_WARN__DUPLICATE_METHOD_MATCH = YES;
				COPY_PHASE_STRIP = NO;
				DEBUG_INFORMATION_FORMAT = dwarf;
				ENABLE_STRICT_OBJC_MSGSEND = YES;
				ENABLE_TESTABILITY = YES;
				GCC_C_LANGUAGE_STANDARD = gnu11;
				GCC_DYNAMIC_NO_PIC = NO;
				GCC_NO_COMMON_BLOCKS = YES;
				GCC_OPTIMIZATION_LEVEL = 0;
				GCC_PREPROCESSOR_DEFINITIONS = (
					"DEBUG=1",
					"$(inherited)",
				);
				GCC_WARN_64_TO_32_BIT_CONVERSION = YES;
				GCC_WARN_ABOUT_RETURN_TYPE = YES_ERROR;
				GCC_WARN_UNDECLARED_SELECTOR = YES;
				GCC_WARN_UNINITIALIZED_AUTOS = YES_AGGRESSIVE;
				GCC_WARN_UNUSED_FUNCTION = YES;
				GCC_WARN_UNUSED_VARIABLE = YES;
				IPHONEOS_DEPLOYMENT_TARGET = 16.4;
				MTL_ENABLE_DEBUG_INFO = INCLUDE_SOURCE;
				MTL_FAST_MATH = YES;
				ONLY_ACTIVE_ARCH = YES;
				SDKROOT = iphoneos;
				SWIFT_ACTIVE_COMPILATION_CONDITIONS = DEBUG;
				SWIFT_OPTIMIZATION_LEVEL = "-Onone";
			};
			name = Debug;
		};
		8DAD94FA2A3CC8CE004C95AD /* Release */ = {
			isa = XCBuildConfiguration;
			buildSettings = {
				ALWAYS_SEARCH_USER_PATHS = NO;
				CLANG_ANALYZER_NONNULL = YES;
				CLANG_ANALYZER_NUMBER_OBJECT_CONVERSION = YES_AGGRESSIVE;
				CLANG_CXX_LANGUAGE_STANDARD = "gnu++20";
				CLANG_ENABLE_MODULES = YES;
				CLANG_ENABLE_OBJC_ARC = YES;
				CLANG_ENABLE_OBJC_WEAK = YES;
				CLANG_WARN_BLOCK_CAPTURE_AUTORELEASING = YES;
				CLANG_WARN_BOOL_CONVERSION = YES;
				CLANG_WARN_COMMA = YES;
				CLANG_WARN_CONSTANT_CONVERSION = YES;
				CLANG_WARN_DEPRECATED_OBJC_IMPLEMENTATIONS = YES;
				CLANG_WARN_DIRECT_OBJC_ISA_USAGE = YES_ERROR;
				CLANG_WARN_DOCUMENTATION_COMMENTS = YES;
				CLANG_WARN_EMPTY_BODY = YES;
				CLANG_WARN_ENUM_CONVERSION = YES;
				CLANG_WARN_INFINITE_RECURSION = YES;
				CLANG_WARN_INT_CONVERSION = YES;
				CLANG_WARN_NON_LITERAL_NULL_CONVERSION = YES;
				CLANG_WARN_OBJC_IMPLICIT_RETAIN_SELF = YES;
				CLANG_WARN_OBJC_LITERAL_CONVERSION = YES;
				CLANG_WARN_OBJC_ROOT_CLASS = YES_ERROR;
				CLANG_WARN_QUOTED_INCLUDE_IN_FRAMEWORK_HEADER = YES;
				CLANG_WARN_RANGE_LOOP_ANALYSIS = YES;
				CLANG_WARN_STRICT_PROTOTYPES = YES;
				CLANG_WARN_SUSPICIOUS_MOVE = YES;
				CLANG_WARN_UNGUARDED_AVAILABILITY = YES_AGGRESSIVE;
				CLANG_WARN_UNREACHABLE_CODE = YES;
				CLANG_WARN__DUPLICATE_METHOD_MATCH = YES;
				COPY_PHASE_STRIP = NO;
				DEBUG_INFORMATION_FORMAT = "dwarf-with-dsym";
				ENABLE_NS_ASSERTIONS = NO;
				ENABLE_STRICT_OBJC_MSGSEND = YES;
				GCC_C_LANGUAGE_STANDARD = gnu11;
				GCC_NO_COMMON_BLOCKS = YES;
				GCC_WARN_64_TO_32_BIT_CONVERSION = YES;
				GCC_WARN_ABOUT_RETURN_TYPE = YES_ERROR;
				GCC_WARN_UNDECLARED_SELECTOR = YES;
				GCC_WARN_UNINITIALIZED_AUTOS = YES_AGGRESSIVE;
				GCC_WARN_UNUSED_FUNCTION = YES;
				GCC_WARN_UNUSED_VARIABLE = YES;
				IPHONEOS_DEPLOYMENT_TARGET = 16.4;
				MTL_ENABLE_DEBUG_INFO = NO;
				MTL_FAST_MATH = YES;
				SDKROOT = iphoneos;
				SWIFT_COMPILATION_MODE = wholemodule;
				SWIFT_OPTIMIZATION_LEVEL = "-O";
				VALIDATE_PRODUCT = YES;
			};
			name = Release;
		};
		8DAD94FC2A3CC8CE004C95AD /* Debug */ = {
			isa = XCBuildConfiguration;
			buildSettings = {
				ASSETCATALOG_COMPILER_APPICON_NAME = AppIcon;
				ASSETCATALOG_COMPILER_GLOBAL_ACCENT_COLOR_NAME = AccentColor;
				CODE_SIGN_STYLE = Automatic;
				CURRENT_PROJECT_VERSION = 1;
				DEVELOPMENT_ASSET_PATHS = "\"Roman To Int/Preview Content\"";
				DEVELOPMENT_TEAM = 7F4JNBYPV5;
				ENABLE_PREVIEWS = YES;
				GENERATE_INFOPLIST_FILE = YES;
				INFOPLIST_KEY_UIApplicationSceneManifest_Generation = YES;
				INFOPLIST_KEY_UIApplicationSupportsIndirectInputEvents = YES;
				INFOPLIST_KEY_UILaunchScreen_Generation = YES;
				INFOPLIST_KEY_UISupportedInterfaceOrientations_iPad = "UIInterfaceOrientationPortrait UIInterfaceOrientationPortraitUpsideDown UIInterfaceOrientationLandscapeLeft UIInterfaceOrientationLandscapeRight";
				INFOPLIST_KEY_UISupportedInterfaceOrientations_iPhone = "UIInterfaceOrientationPortrait UIInterfaceOrientationLandscapeLeft UIInterfaceOrientationLandscapeRight";
				LD_RUNPATH_SEARCH_PATHS = (
					"$(inherited)",
					"@executable_path/Frameworks",
				);
				MARKETING_VERSION = 1.0;
				PRODUCT_BUNDLE_IDENTIFIER = "com.romantoInt.app.Roman-To-Int";
				PRODUCT_NAME = "$(TARGET_NAME)";
				SWIFT_EMIT_LOC_STRINGS = YES;
				SWIFT_VERSION = 5.0;
				TARGETED_DEVICE_FAMILY = "1,2";
			};
			name = Debug;
		};
		8DAD94FD2A3CC8CE004C95AD /* Release */ = {
			isa = XCBuildConfiguration;
			buildSettings = {
				ASSETCATALOG_COMPILER_APPICON_NAME = AppIcon;
				ASSETCATALOG_COMPILER_GLOBAL_ACCENT_COLOR_NAME = AccentColor;
				CODE_SIGN_STYLE = Automatic;
				CURRENT_PROJECT_VERSION = 1;
				DEVELOPMENT_ASSET_PATHS = "\"Roman To Int/Preview Content\"";
				DEVELOPMENT_TEAM = 7F4JNBYPV5;
				ENABLE_PREVIEWS = YES;
				GENERATE_INFOPLIST_FILE = YES;
				INFOPLIST_KEY_UIApplicationSceneManifest_Generation = YES;
				INFOPLIST_KEY_UIApplicationSupportsIndirectInputEvents = YES;
				INFOPLIST_KEY_UILaunchScreen_Generation = YES;
				INFOPLIST_KEY_UISupportedInterfaceOrientations_iPad = "UIInterfaceOrientationPortrait UIInterfaceOrientationPortraitUpsideDown UIInterfaceOrientationLandscapeLeft UIInterfaceOrientationLandscapeRight";
				INFOPLIST_KEY_UISupportedInterfaceOrientations_iPhone = "UIInterfaceOrientationPortrait UIInterfaceOrientationLandscapeLeft UIInterfaceOrientationLandscapeRight";
				LD_RUNPATH_SEARCH_PATHS = (
					"$(inherited)",
					"@executable_path/Frameworks",
				);
				MARKETING_VERSION = 1.0;
				PRODUCT_BUNDLE_IDENTIFIER = "com.romantoInt.app.Roman-To-Int";
				PRODUCT_NAME = "$(TARGET_NAME)";
				SWIFT_EMIT_LOC_STRINGS = YES;
				SWIFT_VERSION = 5.0;
				TARGETED_DEVICE_FAMILY = "1,2";
			};
			name = Release;
		};
/* End XCBuildConfiguration section */

/* Begin XCConfigurationList section */
		8D7871D82A82E9F700CF9642 /* Build configuration list for PBXNativeTarget "Roman To IntTests" */ = {
			isa = XCConfigurationList;
			buildConfigurations = (
				8D7871D62A82E9F700CF9642 /* Debug */,
				8D7871D72A82E9F700CF9642 /* Release */,
			);
			defaultConfigurationIsVisible = 0;
			defaultConfigurationName = Release;
		};
		8DAD94E82A3CC8CD004C95AD /* Build configuration list for PBXProject "Roman To Int" */ = {
			isa = XCConfigurationList;
			buildConfigurations = (
				8DAD94F92A3CC8CE004C95AD /* Debug */,
				8DAD94FA2A3CC8CE004C95AD /* Release */,
			);
			defaultConfigurationIsVisible = 0;
			defaultConfigurationName = Release;
		};
		8DAD94FB2A3CC8CE004C95AD /* Build configuration list for PBXNativeTarget "Roman To Int" */ = {
			isa = XCConfigurationList;
			buildConfigurations = (
				8DAD94FC2A3CC8CE004C95AD /* Debug */,
				8DAD94FD2A3CC8CE004C95AD /* Release */,
			);
			defaultConfigurationIsVisible = 0;
			defaultConfigurationName = Release;
		};
/* End XCConfigurationList section */
	};
	rootObject = 8DAD94E52A3CC8CD004C95AD /* Project object */;
}
